lockfileVersion: '9.0'

settings:
  autoInstallPeers: true
  excludeLinksFromLockfile: false

importers:

  .:
    devDependencies:
      '@es-joy/escodegen':
        specifier: ^4.2.0
        version: 4.2.0
      '@node-static/node-static':
        specifier: ^0.9.2
        version: 0.9.2
      '@rollup/plugin-commonjs':
        specifier: ^29.0.3
        version: 29.0.3(rollup@4.63.5)
      '@webcoder49/code-input':
        specifier: ^2.8.4
        version: 2.9.0
      espree:
        specifier: ^11.2.0
        version: 11.2.0
      prismjs:
        specifier: ^1.30.0
        version: 1.30.0
      rollup:
        specifier: ^4.63.3
        version: 4.63.5

packages:

  '@es-joy/escodegen@4.2.0':
    resolution: {integrity: sha512-jWqqS3StW6vGwJeT8yu6alS4nipOBi3kD/pR63+9hG2NfGafCJ4viDME15mVf+fyupyptcUJDXfv63gFF5Gzfg==}
    engines: {node: '>=6.0'}
    hasBin: true

  '@es-joy/estraverse@7.1.1':
    resolution: {integrity: sha512-h2d737iS0LFAqypZOmXizu54qAbHofI/RpD30Zom03O6BCXKHuFevWKPcGarZbGq82h7qSBb5G6kLdhTMO+caw==}
    engines: {node: '>=4.0'}

  '@es-joy/jsdoccomment@0.62.0':
    resolution: {integrity: sha512-yWi6sm7INEwnfS7IJvE0dU+RTrwzLPFcY7e7eGpu/l5Q9lWfQ2ROwZ0qVnc242jw2TUPsfHX3XMIISkGBv57RQ==}
    engines: {node: '>=20.11.0'}

  '@jridgewell/sourcemap-codec@1.6.0':
    resolution: {integrity: sha512-T7jf+5zgsZHwNJ4lvQ7/aezbyk0nNX+zJVWpmHA7VYsEx7a7qr5Rg5IbtJFqkgze5Y2sruq1RUY8Q837Od7iFw==}

  '@napi-rs/lzma-linux-x64-gnu@1.5.1':
    resolution: {integrity: sha512-oTXEIha4SsuXdTA4Iyskj0kpdx2yVXdhd75c2v3xGrHFfVMsbhTPZU/nMPL4sWKo4pBHm3aucLaqGlF696dTyQ==}
    engines: {node: ^22.20 || ^24.12 || >=25}
    cpu: [x64]
    os: [linux]
    libc: [glibc]

  '@node-static/node-static@0.9.2':
    resolution: {integrity: sha512-6Xg7tF1QiT9Kcf97aIjmo3eTRuAeUHSgiAjXwhl4CD5lypfP9NZwWIPSIPCeI95EjlsSrdy+jPpCMqEE48bdGA==}
    engines: {node: ^22.0.0 || >= 24.0.0}
    hasBin: true

  '@pnpm/config.env-replace@1.1.0':
    resolution: {integrity: sha512-htyl8TWnKL7K/ESFa1oW2UB5lVDxuF5DpM7tBi6Hu2LNL3mWkIzNLG6N4zoCUP1lCKNxWy/3iu8mS8MvToGd6w==}
    engines: {node: '>=12.22.0'}

  '@pnpm/network.ca-file@1.0.2':
    resolution: {integrity: sha512-YcPQ8a0jwYU9bTdJDpXjMi7Brhkr1mXsXrUJvjqM2mQDgkRiz8jFaQGOdaLxgjtUfQgZhKy/O3cG/YwmgKaxLA==}
    engines: {node: '>=12.22.0'}

  '@pnpm/npm-conf@3.0.3':
    resolution: {integrity: sha512-//0sR/cow/s4ICQaYoAobOl4aU8cjU6x/V24V7XkKotb9+O+3zySIYp146vpaobYHnxa4pZX8NkV54Z5AwbDKA==}
    engines: {node: '>=12'}

  '@rollup/plugin-commonjs@29.0.3':
    resolution: {integrity: sha512-ZaOxZceP7SOUW7Lqw5IRVweSQYWaeIPnXIGLiB690EBA3FGJTO40EEr2L5yZplJWsgTCogILRSpcAe7+U0Otdg==}
    engines: {node: '>=16.0.0 || 14 >= 14.17'}
    peerDependencies:
      rollup: ^2.68.0||^3.0.0||^4.0.0
    peerDependenciesMeta:
      rollup:
        optional: true

  '@rollup/pluginutils@5.4.0':
    resolution: {integrity: sha512-MfPp06CjRLfXQ3wY0R8vJDYBy/MvVcc9OulEfR0B8Iv9ko+GCNaRZ+EpJYFl27LhKsZK0o420sYCRHCjfCgeUg==}
    engines: {node: '>=14.0.0'}
    peerDependencies:
      rollup: ^1.20.0||^2.0.0||^3.0.0||^4.0.0
    peerDependenciesMeta:
      rollup:
        optional: true

  '@rollup/rollup-android-arm-eabi@4.63.5':
    resolution: {integrity: sha512-J25QJU+B78T4FhhBsNpLJyVWOi31mwtpcMwywHmOKH65Q9IWGA81gPj+dnwlhU8wktVriYE+tFAaQgrnJRzAZg==}
    cpu: [arm]
    os: [android]

  '@rollup/rollup-android-arm64@4.63.5':
    resolution: {integrity: sha512-LDopB3zuZM5Ux9TT2luNEBJW/tYbGU2g1d+VpKk6I+gSKDb+/7sYE6M225gRQt4RbMX6MSwMsVR/phdjVUgRLg==}
    cpu: [arm64]
    os: [android]

  '@rollup/rollup-darwin-arm64@4.63.5':
    resolution: {integrity: sha512-wlJEERGfeuHeBavCL2qVnNacOK43NDoZM4sjkeRPymd04OAE9T1zBqDJgmZ+CIsPTYKwdzpUC8vmOw84dwY4Tg==}
    cpu: [arm64]
    os: [darwin]

  '@rollup/rollup-darwin-x64@4.63.5':
    resolution: {integrity: sha512-4nJJGg5jbo2wwPP4JP+LfEBA3bvP8rU9CLuhp7jWvq9sxEyhjQFTFdrqi+/dHEin/pd8jpT0vcehIpnZtmEdcQ==}
    cpu: [x64]
    os: [darwin]

  '@rollup/rollup-freebsd-arm64@4.63.5':
    resolution: {integrity: sha512-DrZbyCDF1hneuO6jRbvZ2D7+PIBM6yIwYnJpg2vIk58T+wuFpiaGZrfUr59lDWw45bg+IrpTGLPiNi/Fk4w3Cg==}
    cpu: [arm64]
    os: [freebsd]

  '@rollup/rollup-freebsd-x64@4.63.5':
    resolution: {integrity: sha512-gqfUVMJMB3mehqywxp6hTBFfgtMQykZY19+cfiaYP0toIJLb/1DZRJHVkQQGP13W4TAwfZDWeg1qBcheTRioXQ==}
    cpu: [x64]
    os: [freebsd]

  '@rollup/rollup-linux-arm-gnueabihf@4.63.5':
    resolution: {integrity: sha512-CFmhpvAwzSaWMlN3VN7UtmoTihlZNzoP0juQib5TQRnYUyDV8dXeWOp29sobWAT6gXl/hQgAClLlEiYozQG3OQ==}
    cpu: [arm]
    os: [linux]
    libc: [glibc]

  '@rollup/rollup-linux-arm-musleabihf@4.63.5':
    resolution: {integrity: sha512-Uc9H8eXCOayV6JLTH5bXKMId6qbhNHa818/BgYjm4jrlq3vZquC9cqyvHBw17xy5Mnj5f+I3gFK5JcEf3hSqrw==}
    cpu: [arm]
    os: [linux]
    libc: [musl]

  '@rollup/rollup-linux-arm64-gnu@4.63.5':
    resolution: {integrity: sha512-VcPr/szv/1BFw112Kt//fxulXt/JPqzzidU84iW68L2DdjnOO8QFUv2zTSYBEPHD6movBD4z+bbr5y60GYM7Jw==}
    cpu: [arm64]
    os: [linux]
    libc: [glibc]

  '@rollup/rollup-linux-arm64-musl@4.63.5':
    resolution: {integrity: sha512-BnxtJ5/91BrIHYIkGrmjz/lbMhqEHt1dPFqIxIFR+jPn0xVc/oUSCtIT089zfp5ufwGDlYz2UC+Fe1SRBpYFbQ==}
    cpu: [arm64]
    os: [linux]
    libc: [musl]

  '@rollup/rollup-linux-loong64-gnu@4.63.5':
    resolution: {integrity: sha512-LrYcHZwF+fAMNKHYTOQ5osWM4AZF7YF6D+XtsjDyEvljtt11twc+zHVXBLNEjxVSUnKYsOhvVz4Z213eW02COQ==}
    cpu: [loong64]
    os: [linux]
    libc: [glibc]

  '@rollup/rollup-linux-loong64-musl@4.63.5':
    resolution: {integrity: sha512-nj7QKQePAAUpCpJHtg0pR0W/b92A9NO17JS3BAQmHDn/yhmkir2p8llrKY9TOhleKIaSzy1JhxS3T9FVld6coA==}
    cpu: [loong64]
    os: [linux]
    libc: [musl]

  '@rollup/rollup-linux-ppc64-gnu@4.63.5':
    resolution: {integrity: sha512-5ylkX6dWMeBKge9nTU+Rxfb+ZfaCIJ9lRqIFaK0eAMcWp7OJbYnLveLgXmm0VrvuLKb8qIK+mHyH0qu88RM+iA==}
    cpu: [ppc64]
    os: [linux]
    libc: [glibc]

  '@rollup/rollup-linux-ppc64-musl@4.63.5':
    resolution: {integrity: sha512-oHK4ZHYFDKjZviK34I+NwgfbGxgI7ztrNxj2hPTSSNFgeq1a/lEd7dHV2fdGAuTH4Iym3RHJg+vAbWaWG4B7Zg==}
    cpu: [ppc64]
    os: [linux]
    libc: [musl]

  '@rollup/rollup-linux-riscv64-gnu@4.63.5':
    resolution: {integrity: sha512-UcetmHZ6XOXuUByiKZyQmb55ZPr0LABr3Ec/HB9wKZn6CEAFWZkE+hsJErJ9hbPBC7nI0dKuELx7CoV6IM7TMg==}
    cpu: [riscv64]
    os: [linux]
    libc: [glibc]

  '@rollup/rollup-linux-riscv64-musl@4.63.5':
    resolution: {integrity: sha512-C5CmDPQBtvjVo8cgQsBs+w6WB0JLkiixhgi6hVLV11hERWdn/p0XcPU2OUcZzac9BPOFq7SbaHFa8r3SWEysCQ==}
    cpu: [riscv64]
    os: [linux]
    libc: [musl]

  '@rollup/rollup-linux-s390x-gnu@4.63.5':
    resolution: {integrity: sha512-lHVQHJFKsuuxLMi3MQO9XVL8Tje3JR82CzB+QDKC5NWBcsIWuwsn9uIM5e3lBhI+fF1/s63qnyYqsg65+8rV/w==}
    cpu: [s390x]
    os: [linux]
    libc: [glibc]

  '@rollup/rollup-linux-x64-gnu@4.63.5':
    resolution: {integrity: sha512-3W9bTFcQNJn71cSJVM9RKIiZOy8DO/XLDii8Uv/Pm6WKqDRj7JV3ZfuXIEfyuy5LXpIzAbB/1M4Ukp9GKNa7nA==}
    cpu: [x64]
    os: [linux]
    libc: [glibc]

  '@rollup/rollup-linux-x64-musl@4.63.5':
    resolution: {integrity: sha512-VDC7rRJlee/scpki96GZ27Omf6yU87s1YXwVTpjE5841faVlDYYT565rgfmoR1U0sqL7z5ivQSDjcsF6VRXyBA==}
    cpu: [x64]
    os: [linux]
    libc: [musl]

  '@rollup/rollup-openbsd-x64@4.63.5':
    resolution: {integrity: sha512-z86Ok2p4pTdv5xqCKZsTooO7yBEiaJR/HzU3Wx8RmWsPoLppnMKROhJusQob8B3IE1ghC343kUW9rC2r+Wf3ig==}
    cpu: [x64]
    os: [openbsd]

  '@rollup/rollup-openharmony-arm64@4.63.5':
    resolution: {integrity: sha512-IzQmj+xXwQFGhMAMKMQVXkMwMZN3TqkJgAE0nSsqvVwWWciP4AIPMmWRqOQ2GfX7TUDZr+xqGFcBS36CRPGw0g==}
    cpu: [arm64]
    os: [openharmony]

  '@rollup/rollup-win32-arm64-msvc@4.63.5':
    resolution: {integrity: sha512-F6qpTaPc9bwBH85kjy0/BLmLSW1uv7AoOXCoRIkg2arlgCYlWYcAbiMkvZuAcaWk9TpCRG//okznLAqLGshkMw==}
    cpu: [arm64]
    os: [win32]

  '@rollup/rollup-win32-ia32-msvc@4.63.5':
    resolution: {integrity: sha512-igoDsTFhhwECBeGbUuLeIk7t8Y1apa+cs6mDWpx2EZ0ch7oEQgzHbFUXN9euoHekCAQzXdXApAGkV6jznS7tWw==}
    cpu: [ia32]
    os: [win32]

  '@rollup/rollup-win32-x64-gnu@4.63.5':
    resolution: {integrity: sha512-U3teMeMbXFmaM5D+OTJpsOXd+wV/qftIeYF9kBKL4v73641qyJmoXFtA28DQLsnmlyayEsTe72xpLHrArq6vHw==}
    cpu: [x64]
    os: [win32]

  '@rollup/rollup-win32-x64-msvc@4.63.5':
    resolution: {integrity: sha512-ypfC34F3RKXvCXBglGqGMsUSMKlgwd1HX9AOAlx9RoZZ6GaI42YHVeKpzg3JG+wpBUJYTG+NNZhqbDWL8tBZkw==}
    cpu: [x64]
    os: [win32]

  '@types/estree@1.0.9':
    resolution: {integrity: sha512-GhdPgy1el4/ImP05X05Uw4cw2/M93BCUmnEvWZNStlCzEKME4Fkk+YpoA5OiHNQmoS7Cafb8Xa3Pya8m1Qrzeg==}

  '@typescript-eslint/types@8.70.1':
    resolution: {integrity: sha512-Dm1ypdhhrGCTyyehxElhgJ6kgk8MVCv5qXdoOVqPr1uqk42jX8KjrZqhROvdShczA8qrDoYiOWn1ykWlx2k81Q==}
    engines: {node: ^18.18.0 || ^20.9.0 || >=21.1.0}

  '@webcoder49/code-input@2.9.0':
    resolution: {integrity: sha512-ZxJemRyUyOePNOjRPxL9Dso1DbblLvCP4UIAJdmJAg7fLqUn9NkbcKK1NepcE7cNqw//AFAfrrCz45Dssc9veg==}

  acorn-jsx@5.3.2:
    resolution: {integrity: sha512-rq9s+JNhf0IChjtDXxllJ7g41oZk5SlXtp0LHwyA5cejwn7vKmKp4pPri6YEePv2PU65sAsegbXtIinmDFDXgQ==}
    peerDependencies:
      acorn: ^6.0.0 || ^7.0.0 || ^8.0.0

  acorn@8.18.0:
    resolution: {integrity: sha512-lGq+9yr1/GuAWaVYIHRjvvySG5/4VfKIvC8EWxStPdcDh/Ka7FG3twP6v4d5BkravUilhIAsG4Qj83t02LWUPQ==}
    engines: {node: '>=0.4.0'}
    hasBin: true

  ansi-align@3.0.1:
    resolution: {integrity: sha512-IOfwwBF5iczOjp/WeY4YxyjqAFMQoZufdQWDd19SEExbVLNXqvpzSJ/M7Za4/sCPmQ0+GRquoA7bGcINcxew6w==}

  ansi-regex@5.0.1:
    resolution: {integrity: sha512-quJQXlTSUGL2LH9SUXo8VwsY4soanhgo6LNSm84E1LBcE8s3O0wpdiRzyR9z/ZZJMlMWv37qOOb9pdJlMUEKFQ==}
    engines: {node: '>=8'}

  ansi-regex@6.4.0:
    resolution: {integrity: sha512-KzTVk2tCWAHtYrvvvaP8bJKJq2pVinhLcGEQdtLIYPbmNGNyYe8QwNaTUYQp2J7/vIsUKt5QCqAfUkYyG9DkOw==}
    engines: {node: '>=12'}

  ansi-styles@4.3.0:
    resolution: {integrity: sha512-zbB9rCJAT1rbjiVDb2hqKFHNYLxgtk8NURxZ3IZwD3F6NtxbXZQCnnSi1Lkx+IDohdPlFp222wVALIheZJQSEg==}
    engines: {node: '>=8'}

  ansi-styles@6.2.3:
    resolution: {integrity: sha512-4Dj6M28JB+oAH8kFkTLUo+a2jwOFkuqb3yucU0CANcRRUbxS0cP0nZYCGjcc3BNXwRIsUVmDGgzawme7zvJHvg==}
    engines: {node: '>=12'}

  array-back@6.2.3:
    resolution: {integrity: sha512-SGDvmg6QTYiTxCBkYVmThcoa67uLl35pyzRHdpCGBOcqFy6BtwnphoFPk7LhJshD+Yk1Kt35WGWeZPTgwR4Fhw==}
    engines: {node: '>=12.17'}

  atomically@2.1.1:
    resolution: {integrity: sha512-P4w9o2dqARji6P7MHprklbfiArZAWvo07yW7qs3pdljb3BWr12FIB7W+p0zJiuiVsUpRO0iZn1kFFcpPegg0tQ==}

  balanced-match@4.0.4:
    resolution: {integrity: sha512-BLrgEcRTwX2o6gGxGOCNyMvGSp35YofuYzw9h1IMTRmKqttAZZVU67bdb9Pr2vUHA8+j3i2tJfjO6C6+4myGTA==}
    engines: {node: 18 || 20 || >=22}

  boxen@8.0.1:
    resolution: {integrity: sha512-F3PH5k5juxom4xktynS7MoFY+NUWH5LC4CnH11YB8NPew+HLpmBLCybSAEyb2F+4pRXhuhWqFesoQd6DAyc2hw==}
    engines: {node: '>=18'}

  brace-expansion@5.0.12:
    resolution: {integrity: sha512-YovQ3rzhaLMIrDjNDMkNS01tea93qhEhG5xy8f6+R0l+dw3Ki+5sCoIoI942iuLZTHWogWktgwVDhU09iNEimQ==}
    engines: {node: 20 || >=22}

  camelcase@8.0.0:
    resolution: {integrity: sha512-8WB3Jcas3swSvjIeA2yvCJ+Miyz5l1ZmB6HFb9R1317dt9LCQoswg/BGrmAmkWVEszSrrg4RwmO46qIm2OEnSA==}
    engines: {node: '>=16'}

  chalk-template@0.4.0:
    resolution: {integrity: sha512-/ghrgmhfY8RaSdeo43hNXxpoHAtxdbskUHjPpfqUWGttFgycUhYPGx3YZBCnUCvOa7Doivn1IZec3DEGFoMgLg==}
    engines: {node: '>=12'}

  chalk@4.1.2:
    resolution: {integrity: sha512-oKnbhFyRIXpUuez8iBMmyEa4nbj4IOQyuhc/wy9kY7/WVPcwIO9VA668Pu8RkO7+0G76SLROeyw9CpQ061i4mA==}
    engines: {node: '>=10'}

  chalk@5.6.2:
    resolution: {integrity: sha512-7NzBL0rN6fMUW+f7A6Io4h40qQlG+xGmtMxfbnH/K7TAtt8JQWVQK+6g0UXKMeVJoyV5EkkNsErQ8pVD3bLHbA==}
    engines: {node: ^12.17.0 || ^14.13 || >=16.0.0}

  cli-boxes@3.0.0:
    resolution: {integrity: sha512-/lzGpEWL/8PfI0BmBOPRwp0c/wFNX1RdUML3jK/RcSBA9T8mZDdQpqYBKtCFTOfQbwPqWEOpjqW+Fnayc0969g==}
    engines: {node: '>=10'}

  color-convert@2.0.1:
    resolution: {integrity: sha512-RRECPsj7iu/xb5oKYcsFHSppFNnsj/52OVTRKb4zP5onXwVF3zVmmToNcOfGC+CRDpfK/U584fMg38ZHCaElKQ==}
    engines: {node: '>=7.0.0'}

  color-name@1.1.4:
    resolution: {integrity: sha512-dOy+3AuW3a2wNbZHIuMZpTcgjGuLU/uBL/ubcZF9OXbDo8ff4O8yVp5Bf0efS8uEoYo5q4Fx7dY9OgQGXgAsQA==}

  command-line-args@6.0.2:
    resolution: {integrity: sha512-AIjYVxrV9X752LmPDLbVYv8aMCuHPSLZJXEo2qo/xJfv+NYhaZ4sMSF01rM+gHPaMgvPM0l5D/F+Qx+i2WfSmQ==}
    engines: {node: '>=12.20'}
    peerDependencies:
      '@75lb/nature': latest
    peerDependenciesMeta:
      '@75lb/nature':
        optional: true

  command-line-basics@3.0.0:
    resolution: {integrity: sha512-9B5OVd2NJ1rNGm7M33CUR6ZtmahRZqBat02WgUe498B4DYpdQJWONn1DDme1B+IlPMXcOrvOW357qQ6wIGb/sw==}
    engines: {node: ^20.11.0 || >= 22.0.0}

  command-line-usage@7.0.4:
    resolution: {integrity: sha512-85UdvzTNx/+s5CkSgBm/0hzP80RFHAa7PsfeADE5ezZF3uHz3/Tqj9gIKGT9PTtpycc3Ua64T0oVulGfKxzfqg==}
    engines: {node: '>=12.20.0'}

  comment-parser@1.4.1:
    resolution: {integrity: sha512-buhp5kePrmda3vhc5B9t7pUQXAb2Tnd0qgpkIhPhkHXxJpiPJ11H0ZEU0oBpJ2QztSbzG/ZxMj/CHsYJqRHmyg==}
    engines: {node: '>= 12.0.0'}

  commondir@1.0.1:
    resolution: {integrity: sha512-W9pAhw0ja1Edb5GVdIF1mjZw/ASI0AlShXM83UUGe2DVr5TdAPEA1OA8m/g8zWp9x6On7gqufY+FatDbC3MDQg==}

  config-chain@1.1.13:
    resolution: {integrity: sha512-qj+f8APARXHrM0hraqXYb2/bOVSV4PvJQlNZ/DVj0QrmNM2q2euizkeuVckQ57J+W0mRH6Hvi+k50M4Jul2VRQ==}

  configstore@7.1.0:
    resolution: {integrity: sha512-N4oog6YJWbR9kGyXvS7jEykLDXIE2C0ILYqNBZBp9iwiJpoCBWYsuAdW6PPFn6w06jjnC+3JstVvWHO4cZqvRg==}
    engines: {node: '>=18'}

  cross-spawn@7.0.6:
    resolution: {integrity: sha512-uV2QOWP2nWzsy2aMp8aRibhi9dlzF5Hgh5SHaB9OiTGEyDTiJJyx0uy51QXdyWbtAHNua4XJzUKca3OzKUd3vA==}
    engines: {node: '>= 8'}

  deep-extend@0.6.0:
    resolution: {integrity: sha512-LOHxIOaPYdHlJRtCQfDIVZtfw/ufM8+rVj649RIHzcm/vGwQRXFt6OPqIFWsm2XEMrNIEtWR64sY1LEKD2vAOA==}
    engines: {node: '>=4.0.0'}

  deep-is@0.1.4:
    resolution: {integrity: sha512-oIPzksmTg4/MriiaYGO+okXDT7ztn/w3Eptv/+gSIdMdKsJo0u4CfYNFJPy+4SKMuCqGw2wxnA+URMg3t8a/bQ==}

  dot-prop@9.0.0:
    resolution: {integrity: sha512-1gxPBJpI/pcjQhKgIU91II6Wkay+dLcN3M6rf2uwP8hRur3HtQXjVrdAK3sjC0piaEuxzMwjXChcETiJl47lAQ==}
    engines: {node: '>=18'}

  emoji-regex@10.6.0:
    resolution: {integrity: sha512-toUI84YS5YmxW219erniWD0CIVOo46xGKColeNQRgOzDorgBi1v4D71/OFzgD9GO2UGKIv1C3Sp8DAn0+j5w7A==}

  emoji-regex@8.0.0:
    resolution: {integrity: sha512-MSjYzcWNOA0ewAHpz0MxpYFvwg6yjy1NG3xteoqz644VCo/RPgnr1/GGt+ic3iJTzQ8Eu3TdM14SawnVUmGE6A==}

  escape-goat@4.0.0:
    resolution: {integrity: sha512-2Sd4ShcWxbx6OY1IHyla/CVNwvg7XwZVoXZHcSu9w9SReNP1EzzD5T8NWKIR38fIqEns9kDWKUQTXXAmlDrdPg==}
    engines: {node: '>=12'}

  eslint-visitor-keys@5.0.1:
    resolution: {integrity: sha512-tD40eHxA35h0PEIZNeIjkHoDR4YjjJp34biM0mDvplBe//mB+IHCqHDGV7pxF+7MklTvighcCPPZC7ynWyjdTA==}
    engines: {node: ^20.19.0 || ^22.13.0 || >=24}

  espree@11.2.0:
    resolution: {integrity: sha512-7p3DrVEIopW1B1avAGLuCSh1jubc01H2JHc8B4qqGblmg5gI9yumBgACjWo4JlIc04ufug4xJ3SQI8HkS/Rgzw==}
    engines: {node: ^20.19.0 || ^22.13.0 || >=24}

  esprima@4.0.1:
    resolution: {integrity: sha512-eGuFFw7Upda+g4p+QHvnW0RyTX/SVeJBDM/gCtMARO0cLuT2HcEKnTPvhjV6aGeqrCB/sbNop0Kszm0jsaWU4A==}
    engines: {node: '>=4'}
    hasBin: true

  esquery@1.7.0:
    resolution: {integrity: sha512-Ap6G0WQwcU/LHsvLwON1fAQX9Zp0A2Y6Y/cJBl9r/JbW90Zyg4/zbG6zzKa2OTALELarYHmKu0GhpM5EO+7T0g==}
    engines: {node: '>=0.10'}

  estraverse@5.3.0:
    resolution: {integrity: sha512-MMdARuVEQziNTeJD8DgMqmhwR11BRQ/cBP+pLtYdSTnf3MIO8fFeiINEbX36ZdNlfU/7A9f3gUw49B3oQsvwBA==}
    engines: {node: '>=4.0'}

  estree-walker@2.0.2:
    resolution: {integrity: sha512-Rfkk/Mp/DL7JVje3u18FxFujQlTNR2q6QfMSMB7AvCBx91NGj/ba3kCfza0f6dVDbw7YlRf/nDrn7pQrCCyQ/w==}

  esutils@2.0.3:
    resolution: {integrity: sha512-kVscqXk4OCp68SZ0dkgEKVi6/8ij300KBWTJq32P/dYeWTSwK41WyTxalN1eRmA5Z9UU/LX9D7FWSmV9SAYx6g==}
    engines: {node: '>=0.10.0'}

  fast-levenshtein@2.0.6:
    resolution: {integrity: sha512-DCXu6Ifhqcks7TZKY3Hxp3y6qphY5SJZmrWMDrKcERSOXWQdMhU9Ig/PYrzyw/ul9jOIyh0N4M0tbC5hodg8dw==}

  fdir@6.5.0:
    resolution: {integrity: sha512-tIbYtZbucOs0BRGqPJkshJUYdL+SDH7dVM8gjy+ERp3WAUjLEFJE+02kanyHtwjWOnwrKYBiwAmM0p4kLJAnXg==}
    engines: {node: '>=12.0.0'}
    peerDependencies:
      picomatch: ^3 || ^4
    peerDependenciesMeta:
      picomatch:
        optional: true

  find-replace@5.0.2:
    resolution: {integrity: sha512-Y45BAiE3mz2QsrN2fb5QEtO4qb44NcS7en/0y9PEVsg351HsLeVclP8QPMH79Le9sH3rs5RSwJu99W0WPZO43Q==}
    engines: {node: '>=14'}
    peerDependencies:
      '@75lb/nature': latest
    peerDependenciesMeta:
      '@75lb/nature':
        optional: true

  fsevents@2.3.3:
    resolution: {integrity: sha512-5xoDfX+fL7faATnagmWPpbFtwh/R77WmMMqqHGS65C3vvB0YHrgF+B1YmZ3441tMj5n63k0212XNoJwzlhffQw==}
    engines: {node: ^8.16.0 || ^10.6.0 || >=11.0.0}
    os: [darwin]

  get-east-asian-width@1.7.0:
    resolution: {integrity: sha512-XjH1AECxf0giL2V1aU8vKyRR2ppRUb5c0EvT7zuJTokQ74bNo52zOtghqdWIqrhUD79fo3x0WfKZdOqxF6LG1Q==}
    engines: {node: '>=18'}

  global-directory@4.0.1:
    resolution: {integrity: sha512-wHTUcDUoZ1H5/0iVqEudYW4/kAlN5cZ3j/bXn0Dpbizl9iaUVeWSHqiOjsgk6OW2bkLclbBjzewBz6weQ1zA2Q==}
    engines: {node: '>=18'}

  graceful-fs@4.2.10:
    resolution: {integrity: sha512-9ByhssR2fPVsNZj478qUUbKfmL0+t5BDVyjShtyZZLiK7ZDAArFFfopyOTj0M05wE2tJPisA4iTnnXl2YoPvOA==}

  graceful-fs@4.2.11:
    resolution: {integrity: sha512-RbJ5/jmFcNNCcDV5o9eTnBLJ/HszWV0P73bc+Ff4nS/rJj+YaS6IGyiOL0VoBYX+l1Wrl3k63h/KrH+nhJ0XvQ==}

  has-flag@4.0.0:
    resolution: {integrity: sha512-EykJT/Q1KjTWctppgIAgfSO0tKVuZUjhgMr17kqTumMl6Afv3EISleU7qZUzoXDFTAHTDC4NOoG/ZxU3EvlMPQ==}
    engines: {node: '>=8'}

  ini@1.3.8:
    resolution: {integrity: sha512-JV/yugV2uzW5iMRSiZAyDtQd+nxtUnjeLt0acNdw98kKLrvuRVyB80tsREOE7yvGVgalhZ6RNXCmEHkUKBKxew==}

  ini@4.1.1:
    resolution: {integrity: sha512-QQnnxNyfvmHFIsj7gkPcYymR8Jdw/o7mp5ZFihxn6h8Ci6fh3Dx4E1gPjpQEpIuPo9XVNY/ZUwh4BPMjGyL01g==}
    engines: {node: ^14.17.0 || ^16.13.0 || >=18.0.0}

  is-fullwidth-code-point@3.0.0:
    resolution: {integrity: sha512-zymm5+u+sCsSWyD9qNaejV3DFvhCKclKdizYaJUuHA83RLjb7nSuGnddCHGv0hk+KY7BMAlsWeK4Ueg6EV6XQg==}
    engines: {node: '>=8'}

  is-hidden-file@1.1.2:
    resolution: {integrity: sha512-WS2Y+gFNWlK8IPAvcvsqa4rwf4kZUqGz3VTpHVhAu4Zvrbk+XPbve/RKacyyVNYxHQulubZshXXlzmfCR7G+WQ==}
    os: [darwin, linux, win32]

  is-in-ci@1.0.0:
    resolution: {integrity: sha512-eUuAjybVTHMYWm/U+vBO1sY/JOCgoPCXRxzdju0K+K0BiGW0SChEL1MLC0PoCIR1OlPo5YAp8HuQoUlsWEICwg==}
    engines: {node: '>=18'}
    hasBin: true

  is-installed-globally@1.0.1:
    resolution: {integrity: sha512-li88H4QGRoNMX27jEmY8nR515oJVspAgC/WFMlhHfFV8RJ4QyGpHhXnwAe9gH5RIgKmdYRUmrOhQobcgEjIdSw==}
    engines: {node: '>=18'}

  is-npm@6.1.0:
    resolution: {integrity: sha512-O2z4/kNgyjhQwVR1Wpkbfc19JIhggF97NZNCpWTnjH7kVcZMUrnut9XSN7txI7VdyIYk5ZatOq3zvSuWpU8hoA==}
    engines: {node: ^12.20.0 || ^14.13.1 || >=16.0.0}

  is-path-inside@4.0.0:
    resolution: {integrity: sha512-lJJV/5dYS+RcL8uQdBDW9c9uWFLLBNRyFhnAKXw5tVqLlKZ4RMGZKv+YQ/IA3OhD+RpbJa1LLFM1FQPGyIXvOA==}
    engines: {node: '>=12'}

  is-reference@1.2.1:
    resolution: {integrity: sha512-U82MsXXiFIrjCK4otLT+o2NA2Cd2g5MLoOVXUZjIOhLurrRxpEXzI8O0KZHr3IjLvlAH1kTPYSuqer5T9ZVBKQ==}

  isexe@2.0.0:
    resolution: {integrity: sha512-RHxMLp9lnKHGHRng9QFhRCMbYAcVpn69smSGcq3f36xjgVVWThj4qqLbTLlq7Ssj8B+fIQ1EuCEGI2lKsyQeIw==}

  jsdoc-type-pratt-parser@5.9.2:
    resolution: {integrity: sha512-TYzkACp/wPvDJLRY7qpHXtrhgwoAaojIOnLaaVNi+AbPU2u1kkjfKd9hXXTq0qSAGsyYXvwUXt99h9I5iCmjjw==}
    engines: {node: '>=12.0.0'}

  ky@1.14.3:
    resolution: {integrity: sha512-9zy9lkjac+TR1c2tG+mkNSVlyOpInnWdSMiue4F+kq8TwJSgv6o8jhLRg8Ho6SnZ9wOYUq/yozts9qQCfk7bIw==}
    engines: {node: '>=18'}

  latest-version@9.0.0:
    resolution: {integrity: sha512-7W0vV3rqv5tokqkBAFV1LbR7HPOWzXQDpDgEuib/aJ1jsZZx6x3c2mBI+TJhJzOhkGeaLbCKEHXEXLfirtG2JA==}
    engines: {node: '>=18'}

  levn@0.4.1:
    resolution: {integrity: sha512-+bT2uH4E5LGE7h/n3evcS/sQlJXCpIp6ym8OWJ5eV6+67Dsql/LaaT7qJBAt2rzfoa/5QBGBhxDix1dMt2kQKQ==}
    engines: {node: '>= 0.8.0'}

  lodash.camelcase@4.3.0:
    resolution: {integrity: sha512-TwuEnCnxbc3rAvhf/LbG7tJUDzhqXyFnv3dtzLOPgCG/hODL7WFnsbwktkD7yUV0RrreP/l1PALq/YSg6VvjlA==}

  magic-string@0.30.21:
    resolution: {integrity: sha512-vd2F4YUyEXKGcLHoq+TEyCjxueSeHnFxyyjNp80yg0XV4vUhnDer/lvvlqM/arB5bXQN5K2/3oinyCRyx8T2CQ==}

  mime@3.0.0:
    resolution: {integrity: sha512-jSCU7/VB1loIWBZe14aEYHU/+1UMEHoaO7qxCOVJOw9GgH72VAWppxNcjU+x9a2k3GSIBXNKxXQFqRvvZ7vr3A==}
    engines: {node: '>=10.0.0'}
    hasBin: true

  minimatch@10.2.6:
    resolution: {integrity: sha512-vpLQEs+VLCr1nU0BXS07maYoFwlDAH0gngQuuttxIwutDFEMHq2blX+8vpgxDdK3J1PwjCJiep77OitTZ4Ll1A==}
    engines: {node: 18 || 20 || >=22}

  minimist@1.2.8:
    resolution: {integrity: sha512-2yyAR8qBkN3YuheJanUpWC5U3bb5osDywNB8RzDVlDwDHbocAJveqqj1u8+SVD7jkWT4yvsHCpWqqWqAxb0zCA==}

  optionator@0.9.4:
    resolution: {integrity: sha512-6IpQ7mKUxRcZNLIObR0hz7lxsapSSIYNZJwXPGeF0mTVqGKFIXj1DQcMoT22S3ROcLyY/rz0PWaWZ9ayWmad9g==}
    engines: {node: '>= 0.8.0'}

  package-json@10.0.1:
    resolution: {integrity: sha512-ua1L4OgXSBdsu1FPb7F3tYH0F48a6kxvod4pLUlGY9COeJAJQNX/sNH2IiEmsxw7lqYiAwrdHMjz1FctOsyDQg==}
    engines: {node: '>=18'}

  path-key@3.1.1:
    resolution: {integrity: sha512-ojmeN0qd+y0jszEtoY48r0Peq5dwMEkIlCOu6Q5f41lfkswXuKtYrhgoTpLnyIcHm24Uhqx+5Tqm2InSwLhE6Q==}
    engines: {node: '>=8'}

  picocolors@1.1.1:
    resolution: {integrity: sha512-xceH2snhtb5M9liqDsmEw56le376mTZkEX/jEb/RxNFyegNul7eNslCXP9FDj/Lcu0X8KEyMceP2ntpaHrDEVA==}

  picomatch@4.0.7:
    resolution: {integrity: sha512-qcJu88Q2IWqJsDD529JKMdwGm/dvInW4HvQnRwiH9JtihJvzGOscDtHE3x1pBKeUOTysQ8kVmLnJ2kJu7yhcGA==}
    engines: {node: '>=12'}

  prelude-ls@1.2.1:
    resolution: {integrity: sha512-vkcDPrRZo1QZLbn5RLGPpg/WmIQ65qoWWhcGKf/b5eplkkarX0m9z8ppCat4mlOqUsWpyNuYgO3VRyrYHSzX5g==}
    engines: {node: '>= 0.8.0'}

  prismjs@1.30.0:
    resolution: {integrity: sha512-DEvV2ZF2r2/63V+tK8hQvrR2ZGn10srHbXviTlcv7Kpzw8jWiNTqbVgjO3IY8RxrrOUF8VPMQQFysYYYv0YZxw==}
    engines: {node: '>=6'}

  proto-list@1.2.4:
    resolution: {integrity: sha512-vtK/94akxsTMhe0/cbfpR+syPuszcuwhqVjJq26CuNDgFGj682oRBXOP5MJpv2r7JtE8MsiepGIqvvOTBwn2vA==}

  pupa@3.3.0:
    resolution: {integrity: sha512-LjgDO2zPtoXP2wJpDjZrGdojii1uqO0cnwKoIoUzkfS98HDmbeiGmYiXo3lXeFlq2xvne1QFQhwYXSUCLKtEuA==}
    engines: {node: '>=12.20'}

  rc@1.2.8:
    resolution: {integrity: sha512-y3bGgqKj3QBdxLbLkomlohkvsA8gdAiUQlSBJnBhfn+BPxg4bc62d8TcBW15wavDfgexCgccckhcZvywyQYPOw==}
    hasBin: true

  registry-auth-token@5.1.1:
    resolution: {integrity: sha512-P7B4+jq8DeD2nMsAcdfaqHbssgHtZ7Z5+++a5ask90fvmJ8p5je4mOa+wzu+DB4vQ5tdJV/xywY+UnVFeQLV5Q==}
    engines: {node: '>=14'}

  registry-url@6.0.1:
    resolution: {integrity: sha512-+crtS5QjFRqFCoQmvGduwYWEBng99ZvmFvF+cUJkGYF1L1BfU8C6Zp9T7f5vPAwyLkUExpvK+ANVZmGU49qi4Q==}
    engines: {node: '>=12'}

  rollup@4.63.5:
    resolution: {integrity: sha512-KRWwmNLlPw5M7HcdYfm15oBv9n9LPtjzpzCIxS/phwqvPyxHSoKX6Y2YU3pxSPfy0CLquVgsx/j/hBi6OvH1Nw==}
    engines: {node: '>=18.0.0', npm: '>=8.0.0'}
    hasBin: true

  semver@7.8.5:
    resolution: {integrity: sha512-Y7/KDsb8LjooZpwaqGyulO6DQlksgCncchHGk+sZIY4SBvUocMBEFH5Ur1fI4dV+Jvl0w6cjvucaIi40puRioA==}
    engines: {node: '>=10'}
    hasBin: true

  shebang-command@2.0.0:
    resolution: {integrity: sha512-kHxr2zZpYtdmrN1qDjrrX/Z1rR1kG8Dx+gkpK1G4eXmvXswmcE1hTWBWYUzlraYw1/yZp6YuDY77YtvbN0dmDA==}
    engines: {node: '>=8'}

  shebang-regex@3.0.0:
    resolution: {integrity: sha512-7++dFhtcx3353uBaq8DDR4NuxBetBzC7ZQOhmTQInHEd6bSrXdiEyzCvG07Z44UYdLShWUyXt5M/yhz8ekcb1A==}
    engines: {node: '>=8'}

  source-map@0.7.6:
    resolution: {integrity: sha512-i5uvt8C3ikiWeNZSVZNWcfZPItFQOsYTUAOkcUPGd8DqDy1uOUikjt5dG+uRlwyvR108Fb9DOd4GvXfT0N2/uQ==}
    engines: {node: '>= 12'}

  string-width@4.2.3:
    resolution: {integrity: sha512-wKyQRQpjJ0sIp62ErSZdGsjMJWsap5oRNihHhu6G7JVO/9jIB6UyevL+tXuOqrng8j/cxKTWyWUwvSTriiZz/g==}
    engines: {node: '>=8'}

  string-width@7.2.0:
    resolution: {integrity: sha512-tsaTIkKW9b4N+AEj+SVA+WhJzV7/zMhcSu78mLKWSk7cXMOSHsBKFWUs0fWwq8QyK3MgJBQRX6Gbi4kYbdvGkQ==}
    engines: {node: '>=18'}

  strip-ansi@6.0.1:
    resolution: {integrity: sha512-Y38VPSHcqkFrCpFnQ9vuSXmquuv5oXOKpGeT6aGrr3o3Gc9AlVa6JBfUSOCnbxGGZF+/0ooI7KrPuUSztUdU5A==}
    engines: {node: '>=8'}

  strip-ansi@7.2.0:
    resolution: {integrity: sha512-yDPMNjp4WyfYBkHnjIRLfca1i6KMyGCtsVgoKe/z1+6vukgaENdgGBZt+ZmKPc4gavvEZ5OgHfHdrazhgNyG7w==}
    engines: {node: '>=12'}

  strip-json-comments@2.0.1:
    resolution: {integrity: sha512-4gB8na07fecVVkOI6Rs4e7T6NOTki5EmL7TUduTs6bu3EdnSycntVJ4re8kgZA+wx9IueI2Y11bfbgwtzuE0KQ==}
    engines: {node: '>=0.10.0'}

  stubborn-fs@2.0.0:
    resolution: {integrity: sha512-Y0AvSwDw8y+nlSNFXMm2g6L51rBGdAQT20J3YSOqxC53Lo3bjWRtr2BKcfYoAf352WYpsZSTURrA0tqhfgudPA==}

  stubborn-utils@1.0.2:
    resolution: {integrity: sha512-zOh9jPYI+xrNOyisSelgym4tolKTJCQd5GBhK0+0xJvcYDcwlOoxF/rnFKQ2KRZknXSG9jWAp66fwP6AxN9STg==}

  supports-color@7.2.0:
    resolution: {integrity: sha512-qpCAvRl9stuOHveKsn7HncJRvv501qIacKzQlO/+Lwxc9+0q2wLyv4Dfvt80/DPn2pqOBsJdDiogXGR9+OvwRw==}
    engines: {node: '>=8'}

  table-layout@4.1.1:
    resolution: {integrity: sha512-iK5/YhZxq5GO5z8wb0bY1317uDF3Zjpha0QFFLA8/trAoiLbQD0HUbMesEaxyzUgDxi2QlcbM8IvqOlEjgoXBA==}
    engines: {node: '>=12.17'}

  type-check@0.4.0:
    resolution: {integrity: sha512-XleUoc9uwGXqjWwXaUTZAmzMcFZ5858QA2vvx1Ur5xIcixXIP+8LnFDgRplU30us6teqdlskFfu+ae4K79Ooew==}
    engines: {node: '>= 0.8.0'}

  type-fest@4.41.0:
    resolution: {integrity: sha512-TeTSQ6H5YHvpqVwBRcnLDCBnDOHWYu7IvGbHT6N8AOymcr9PJGjc1GTtiWZTYg0NCgYwvnYWEkVChQAr9bjfwA==}
    engines: {node: '>=16'}

  typical@7.3.0:
    resolution: {integrity: sha512-ya4mg/30vm+DOWfBg4YK3j2WD6TWtRkCbasOJr40CseYENzCUby/7rIvXA99JGsQHeNxLbnXdyLLxKSv3tauFw==}
    engines: {node: '>=12.17'}

  update-notifier@7.3.1:
    resolution: {integrity: sha512-+dwUY4L35XFYEzE+OAL3sarJdUioVovq+8f7lcIJ7wnmnYQV5UD1Y/lcwaMSyaQ6Bj3JMj1XSTjZbNLHn/19yA==}
    engines: {node: '>=18'}

  when-exit@2.1.5:
    resolution: {integrity: sha512-VGkKJ564kzt6Ms1dbgPP/yuIoQCrsFAnRbptpC5wOEsDaNsbCB2bnfnaA8i/vRs5tjUSEOtIuvl9/MyVsvQZCg==}

  which@2.0.2:
    resolution: {integrity: sha512-BLI3Tl1TW3Pvl70l3yq3Y64i+awpwXqsGBYWkkqMtnbXgrMD+yj7rhW0kuEDxzJaYXGjEW5ogapKNMEKNMjibA==}
    engines: {node: '>= 8'}
    hasBin: true

  widest-line@5.0.0:
    resolution: {integrity: sha512-c9bZp7b5YtRj2wOe6dlj32MK+Bx/M/d+9VB2SHM1OtsUHR0aV0tdP6DWh/iMt0kWi1t5g1Iudu6hQRNd1A4PVA==}
    engines: {node: '>=18'}

  word-wrap@1.2.5:
    resolution: {integrity: sha512-BN22B5eaMMI9UMtjrGd5g5eCYPpCPDUy0FJXbYsaT5zYxjFOckS53SQDE3pWkVoWpHXVb3BrYcEN4Twa55B5cA==}
    engines: {node: '>=0.10.0'}

  wordwrapjs@5.1.1:
    resolution: {integrity: sha512-0yweIbkINJodk27gX9LBGMzyQdBDan3s/dEAiwBOj+Mf0PPyWL6/rikalkv8EeD0E8jm4o5RXEOrFTP3NXbhJg==}
    engines: {node: '>=12.17'}

  wrap-ansi@9.0.2:
    resolution: {integrity: sha512-42AtmgqjV+X1VpdOfyTGOYRi0/zsoLqtXQckTmqTeybT+BDIbM/Guxo7x3pE2vtpr1ok6xRqM9OpBe+Jyoqyww==}
    engines: {node: '>=18'}

  xdg-basedir@5.1.0:
    resolution: {integrity: sha512-GCPAHLvrIH13+c0SuacwvRYj2SxJXQ4kaVTT5xgL3kPrz56XxkF21IGhjSE1+W0aw7gpBWRGXLCPnPby6lSpmQ==}
    engines: {node: '>=12'}

snapshots:

  '@es-joy/escodegen@4.2.0':
    dependencies:
      '@es-joy/estraverse': 7.1.1
      '@es-joy/jsdoccomment': 0.62.0
      esprima: 4.0.1
      esutils: 2.0.3
      optionator: 0.9.4
    optionalDependencies:
      source-map: 0.7.6

  '@es-joy/estraverse@7.1.1': {}

  '@es-joy/jsdoccomment@0.62.0':
    dependencies:
      '@types/estree': 1.0.9
      '@typescript-eslint/types': 8.70.1
      comment-parser: 1.4.1
      esquery: 1.7.0
      jsdoc-type-pratt-parser: 5.9.2

  '@jridgewell/sourcemap-codec@1.6.0': {}

  '@napi-rs/lzma-linux-x64-gnu@1.5.1':
    optional: true

  '@node-static/node-static@0.9.2':
    dependencies:
      command-line-basics: 3.0.0
      is-hidden-file: 1.1.2
      mime: 3.0.0
      minimatch: 10.2.6
      picocolors: 1.1.1
    transitivePeerDependencies:
      - '@75lb/nature'

  '@pnpm/config.env-replace@1.1.0': {}

  '@pnpm/network.ca-file@1.0.2':
    dependencies:
      graceful-fs: 4.2.10

  '@pnpm/npm-conf@3.0.3':
    dependencies:
      '@pnpm/config.env-replace': 1.1.0
      '@pnpm/network.ca-file': 1.0.2
      config-chain: 1.1.13

  '@rollup/plugin-commonjs@29.0.3(rollup@4.63.5)':
    dependencies:
      '@rollup/pluginutils': 5.4.0(rollup@4.63.5)
      commondir: 1.0.1
      estree-walker: 2.0.2
      fdir: 6.5.0(picomatch@4.0.7)
      is-reference: 1.2.1
      magic-string: 0.30.21
      picomatch: 4.0.7
    optionalDependencies:
      rollup: 4.63.5

  '@rollup/pluginutils@5.4.0(rollup@4.63.5)':
    dependencies:
      '@types/estree': 1.0.9
      estree-walker: 2.0.2
      picomatch: 4.0.7
    optionalDependencies:
      rollup: 4.63.5

  '@rollup/rollup-android-arm-eabi@4.63.5':
    optional: true

  '@rollup/rollup-android-arm64@4.63.5':
    optional: true

  '@rollup/rollup-darwin-arm64@4.63.5':
    optional: true

  '@rollup/rollup-darwin-x64@4.63.5':
    optional: true

  '@rollup/rollup-freebsd-arm64@4.63.5':
    optional: true

  '@rollup/rollup-freebsd-x64@4.63.5':
    optional: true

  '@rollup/rollup-linux-arm-gnueabihf@4.63.5':
    optional: true

  '@rollup/rollup-linux-arm-musleabihf@4.63.5':
    optional: true

  '@rollup/rollup-linux-arm64-gnu@4.63.5':
    optional: true

  '@rollup/rollup-linux-arm64-musl@4.63.5':
    optional: true

  '@rollup/rollup-linux-loong64-gnu@4.63.5':
    optional: true

  '@rollup/rollup-linux-loong64-musl@4.63.5':
    optional: true

  '@rollup/rollup-linux-ppc64-gnu@4.63.5':
    optional: true

  '@rollup/rollup-linux-ppc64-musl@4.63.5':
    optional: true

  '@rollup/rollup-linux-riscv64-gnu@4.63.5':
    optional: true

  '@rollup/rollup-linux-riscv64-musl@4.63.5':
    optional: true

  '@rollup/rollup-linux-s390x-gnu@4.63.5':
    optional: true

  '@rollup/rollup-linux-x64-gnu@4.63.5':
    optional: true

  '@rollup/rollup-linux-x64-musl@4.63.5':
    optional: true

  '@rollup/rollup-openbsd-x64@4.63.5':
    optional: true

  '@rollup/rollup-openharmony-arm64@4.63.5':
    optional: true

  '@rollup/rollup-win32-arm64-msvc@4.63.5':
    optional: true

  '@rollup/rollup-win32-ia32-msvc@4.63.5':
    optional: true

  '@rollup/rollup-win32-x64-gnu@4.63.5':
    optional: true

  '@rollup/rollup-win32-x64-msvc@4.63.5':
    optional: true

  '@types/estree@1.0.9': {}

  '@typescript-eslint/types@8.70.1': {}

  '@webcoder49/code-input@2.9.0': {}

  acorn-jsx@5.3.2(acorn@8.18.0):
    dependencies:
      acorn: 8.18.0

  acorn@8.18.0: {}

  ansi-align@3.0.1:
    dependencies:
      string-width: 4.2.3

  ansi-regex@5.0.1: {}

  ansi-regex@6.4.0: {}

  ansi-styles@4.3.0:
    dependencies:
      color-convert: 2.0.1

  ansi-styles@6.2.3: {}

  array-back@6.2.3: {}

  atomically@2.1.1:
    dependencies:
      stubborn-fs: 2.0.0
      when-exit: 2.1.5

  balanced-match@4.0.4: {}

  boxen@8.0.1:
    dependencies:
      ansi-align: 3.0.1
      camelcase: 8.0.0
      chalk: 5.6.2
      cli-boxes: 3.0.0
      string-width: 7.2.0
      type-fest: 4.41.0
      widest-line: 5.0.0
      wrap-ansi: 9.0.2

  brace-expansion@5.0.12:
    dependencies:
      balanced-match: 4.0.4

  camelcase@8.0.0: {}

  chalk-template@0.4.0:
    dependencies:
      chalk: 4.1.2

  chalk@4.1.2:
    dependencies:
      ansi-styles: 4.3.0
      supports-color: 7.2.0

  chalk@5.6.2: {}

  cli-boxes@3.0.0: {}

  color-convert@2.0.1:
    dependencies:
      color-name: 1.1.4

  color-name@1.1.4: {}

  command-line-args@6.0.2:
    dependencies:
      array-back: 6.2.3
      find-replace: 5.0.2
      lodash.camelcase: 4.3.0
      typical: 7.3.0

  command-line-basics@3.0.0:
    dependencies:
      command-line-args: 6.0.2
      command-line-usage: 7.0.4
      update-notifier: 7.3.1
    transitivePeerDependencies:
      - '@75lb/nature'

  command-line-usage@7.0.4:
    dependencies:
      array-back: 6.2.3
      chalk-template: 0.4.0
      table-layout: 4.1.1
      typical: 7.3.0

  comment-parser@1.4.1: {}

  commondir@1.0.1: {}

  config-chain@1.1.13:
    dependencies:
      ini: 1.3.8
      proto-list: 1.2.4

  configstore@7.1.0:
    dependencies:
      atomically: 2.1.1
      dot-prop: 9.0.0
      graceful-fs: 4.2.11
      xdg-basedir: 5.1.0

  cross-spawn@7.0.6:
    dependencies:
      path-key: 3.1.1
      shebang-command: 2.0.0
      which: 2.0.2

  deep-extend@0.6.0: {}

  deep-is@0.1.4: {}

  dot-prop@9.0.0:
    dependencies:
      type-fest: 4.41.0

  emoji-regex@10.6.0: {}

  emoji-regex@8.0.0: {}

  escape-goat@4.0.0: {}

  eslint-visitor-keys@5.0.1: {}

  espree@11.2.0:
    dependencies:
      acorn: 8.18.0
      acorn-jsx: 5.3.2(acorn@8.18.0)
      eslint-visitor-keys: 5.0.1

  esprima@4.0.1: {}

  esquery@1.7.0:
    dependencies:
      estraverse: 5.3.0

  estraverse@5.3.0: {}

  estree-walker@2.0.2: {}

  esutils@2.0.3: {}

  fast-levenshtein@2.0.6: {}

  fdir@6.5.0(picomatch@4.0.7):
    optionalDependencies:
      picomatch: 4.0.7

  find-replace@5.0.2: {}

  fsevents@2.3.3:
    optional: true

  get-east-asian-width@1.7.0: {}

  global-directory@4.0.1:
    dependencies:
      ini: 4.1.1

  graceful-fs@4.2.10: {}

  graceful-fs@4.2.11: {}

  has-flag@4.0.0: {}

  ini@1.3.8: {}

  ini@4.1.1: {}

  is-fullwidth-code-point@3.0.0: {}

  is-hidden-file@1.1.2:
    dependencies:
      cross-spawn: 7.0.6

  is-in-ci@1.0.0: {}

  is-installed-globally@1.0.1:
    dependencies:
      global-directory: 4.0.1
      is-path-inside: 4.0.0

  is-npm@6.1.0: {}

  is-path-inside@4.0.0: {}

  is-reference@1.2.1:
    dependencies:
      '@types/estree': 1.0.9

  isexe@2.0.0: {}

  jsdoc-type-pratt-parser@5.9.2: {}

  ky@1.14.3: {}

  latest-version@9.0.0:
    dependencies:
      package-json: 10.0.1

  levn@0.4.1:
    dependencies:
      prelude-ls: 1.2.1
      type-check: 0.4.0

  lodash.camelcase@4.3.0: {}

  magic-string@0.30.21:
    dependencies:
      '@jridgewell/sourcemap-codec': 1.6.0

  mime@3.0.0: {}

  minimatch@10.2.6:
    dependencies:
      brace-expansion: 5.0.12

  minimist@1.2.8: {}

  optionator@0.9.4:
    dependencies:
      deep-is: 0.1.4
      fast-levenshtein: 2.0.6
      levn: 0.4.1
      prelude-ls: 1.2.1
      type-check: 0.4.0
      word-wrap: 1.2.5

  package-json@10.0.1:
    dependencies:
      ky: 1.14.3
      registry-auth-token: 5.1.1
      registry-url: 6.0.1
      semver: 7.8.5

  path-key@3.1.1: {}

  picocolors@1.1.1: {}

  picomatch@4.0.7: {}

  prelude-ls@1.2.1: {}

  prismjs@1.30.0: {}

  proto-list@1.2.4: {}

  pupa@3.3.0:
    dependencies:
      escape-goat: 4.0.0

  rc@1.2.8:
    dependencies:
      deep-extend: 0.6.0
      ini: 1.3.8
      minimist: 1.2.8
      strip-json-comments: 2.0.1

  registry-auth-token@5.1.1:
    dependencies:
      '@pnpm/npm-conf': 3.0.3

  registry-url@6.0.1:
    dependencies:
      rc: 1.2.8

  rollup@4.63.5:
    dependencies:
      '@types/estree': 1.0.9
    optionalDependencies:
      '@napi-rs/lzma-linux-x64-gnu': 1.5.1
      '@rollup/rollup-android-arm-eabi': 4.63.5
      '@rollup/rollup-android-arm64': 4.63.5
      '@rollup/rollup-darwin-arm64': 4.63.5
      '@rollup/rollup-darwin-x64': 4.63.5
      '@rollup/rollup-freebsd-arm64': 4.63.5
      '@rollup/rollup-freebsd-x64': 4.63.5
      '@rollup/rollup-linux-arm-gnueabihf': 4.63.5
      '@rollup/rollup-linux-arm-musleabihf': 4.63.5
      '@rollup/rollup-linux-arm64-gnu': 4.63.5
      '@rollup/rollup-linux-arm64-musl': 4.63.5
      '@rollup/rollup-linux-loong64-gnu': 4.63.5
      '@rollup/rollup-linux-loong64-musl': 4.63.5
      '@rollup/rollup-linux-ppc64-gnu': 4.63.5
      '@rollup/rollup-linux-ppc64-musl': 4.63.5
      '@rollup/rollup-linux-riscv64-gnu': 4.63.5
      '@rollup/rollup-linux-riscv64-musl': 4.63.5
      '@rollup/rollup-linux-s390x-gnu': 4.63.5
      '@rollup/rollup-linux-x64-gnu': 4.63.5
      '@rollup/rollup-linux-x64-musl': 4.63.5
      '@rollup/rollup-openbsd-x64': 4.63.5
      '@rollup/rollup-openharmony-arm64': 4.63.5
      '@rollup/rollup-win32-arm64-msvc': 4.63.5
      '@rollup/rollup-win32-ia32-msvc': 4.63.5
      '@rollup/rollup-win32-x64-gnu': 4.63.5
      '@rollup/rollup-win32-x64-msvc': 4.63.5
      fsevents: 2.3.3

  semver@7.8.5: {}

  shebang-command@2.0.0:
    dependencies:
      shebang-regex: 3.0.0

  shebang-regex@3.0.0: {}

  source-map@0.7.6:
    optional: true

  string-width@4.2.3:
    dependencies:
      emoji-regex: 8.0.0
      is-fullwidth-code-point: 3.0.0
      strip-ansi: 6.0.1

  string-width@7.2.0:
    dependencies:
      emoji-regex: 10.6.0
      get-east-asian-width: 1.7.0
      strip-ansi: 7.2.0

  strip-ansi@6.0.1:
    dependencies:
      ansi-regex: 5.0.1

  strip-ansi@7.2.0:
    dependencies:
      ansi-regex: 6.4.0

  strip-json-comments@2.0.1: {}

  stubborn-fs@2.0.0:
    dependencies:
      stubborn-utils: 1.0.2

  stubborn-utils@1.0.2: {}

  supports-color@7.2.0:
    dependencies:
      has-flag: 4.0.0

  table-layout@4.1.1:
    dependencies:
      array-back: 6.2.3
      wordwrapjs: 5.1.1

  type-check@0.4.0:
    dependencies:
      prelude-ls: 1.2.1

  type-fest@4.41.0: {}

  typical@7.3.0: {}

  update-notifier@7.3.1:
    dependencies:
      boxen: 8.0.1
      chalk: 5.6.2
      configstore: 7.1.0
      is-in-ci: 1.0.0
      is-installed-globally: 1.0.1
      is-npm: 6.1.0
      latest-version: 9.0.0
      pupa: 3.3.0
      semver: 7.8.5
      xdg-basedir: 5.1.0

  when-exit@2.1.5: {}

  which@2.0.2:
    dependencies:
      isexe: 2.0.0

  widest-line@5.0.0:
    dependencies:
      string-width: 7.2.0

  word-wrap@1.2.5: {}

  wordwrapjs@5.1.1: {}

  wrap-ansi@9.0.2:
    dependencies:
      ansi-styles: 6.2.3
      string-width: 7.2.0
      strip-ansi: 7.2.0

  xdg-basedir@5.1.0: {}
